// !$*UTF8*$!
{
	archiveVersion = 1;
	classes = {
	};
	objectVersion = 56;
	objects = {

/* Begin PBXBuildFile section */
		6B2869312BB1E3C800CD4936 /* SwiftChallengesApp.swift in Sources */ = {isa = PBXBuildFile; fileRef = 6B2869302BB1E3C800CD4936 /* SwiftChallengesApp.swift */; };
		6B2869332BB1E3C800CD4936 /* ContentView.swift in Sources */ = {isa = PBXBuildFile; fileRef = 6B2869322BB1E3C800CD4936 /* ContentView.swift */; };
		6B2869352BB1E3CA00CD4936 /* Assets.xcassets in Resources */ = {isa = PBXBuildFile; fileRef = 6B2869342BB1E3CA00CD4936 /* Assets.xcassets */; };
		6B2869382BB1E3CA00CD4936 /* Preview Assets.xcassets in Resources */ = {isa = PBXBuildFile; fileRef = 6B2869372BB1E3CA00CD4936 /* Preview Assets.xcassets */; };
		6B28694C2BB1E3CA00CD4936 /* SwiftChallengesUITests.swift in Sources */ = {isa = PBXBuildFile; fileRef = 6B28694B2BB1E3CA00CD4936 /* SwiftChallengesUITests.swift */; };
		6B28694E2BB1E3CA00CD4936 /* SwiftChallengesUITestsLaunchTests.swift in Sources */ = {isa = PBXBuildFile; fileRef = 6B28694D2BB1E3CA00CD4936 /* SwiftChallengesUITestsLaunchTests.swift */; };
		6B28695B2BB1E46100CD4936 /* StringsView.swift in Sources */ = {isa = PBXBuildFile; fileRef = 6B28695A2BB1E46100CD4936 /* StringsView.swift */; };
		6B28695D2BB1E5A300CD4936 /* StringsViewTests.swift in Sources */ = {isa = PBXBuildFile; fileRef = 6B28695C2BB1E5A300CD4936 /* StringsViewTests.swift */; };
		6B77D0882C99FCE90050D17F /* LeetChallenges.swift in Sources */ = {isa = PBXBuildFile; fileRef = 6B77D0872C99FCE90050D17F /* LeetChallenges.swift */; };
		6BE627FF2C496DCE00D438D9 /* README.md in Resources */ = {isa = PBXBuildFile; fileRef = 6BE627FE2C496DCE00D438D9 /* README.md */; };
/* End PBXBuildFile section */

/* Begin PBXContainerItemProxy section */
		6B28693E2BB1E3CA00CD4936 /* PBXContainerItemProxy */ = {
			isa = PBXContainerItemProxy;
			containerPortal = 6B2869252BB1E3C800CD4936 /* Project object */;
			proxyType = 1;
			remoteGlobalIDString = 6B28692C2BB1E3C800CD4936;
			remoteInfo = SwiftChallenges;
		};
		6B2869482BB1E3CA00CD4936 /* PBXContainerItemProxy */ = {
			isa = PBXContainerItemProxy;
			containerPortal = 6B2869252BB1E3C800CD4936 /* Project object */;
			proxyType = 1;
			remoteGlobalIDString = 6B28692C2BB1E3C800CD4936;
			remoteInfo = SwiftChallenges;
		};
/* End PBXContainerItemProxy section */

/* Begin PBXFileReference section */
		6B28692D2BB1E3C800CD4936 /* SwiftChallenges.app */ = {isa = PBXFileReference; explicitFileType = wrapper.application; includeInIndex = 0; path = SwiftChallenges.app; sourceTree = BUILT_PRODUCTS_DIR; };
		6B2869302BB1E3C800CD4936 /* SwiftChallengesApp.swift */ = {isa = PBXFileReference; lastKnownFileType = sourcecode.swift; path = SwiftChallengesApp.swift; sourceTree = "<group>"; };
		6B2869322BB1E3C800CD4936 /* ContentView.swift */ = {isa = PBXFileReference; lastKnownFileType = sourcecode.swift; path = ContentView.swift; sourceTree = "<group>"; };
		6B2869342BB1E3CA00CD4936 /* Assets.xcassets */ = {isa = PBXFileReference; lastKnownFileType = folder.assetcatalog; path = Assets.xcassets; sourceTree = "<group>"; };
		6B2869372BB1E3CA00CD4936 /* Preview Assets.xcassets */ = {isa = PBXFileReference; lastKnownFileType = folder.assetcatalog; path = "Preview Assets.xcassets"; sourceTree = "<group>"; };
		6B28693D2BB1E3CA00CD4936 /* SwiftChallengesTests.xctest */ = {isa = PBXFileReference; explicitFileType = wrapper.cfbundle; includeInIndex = 0; path = SwiftChallengesTests.xctest; sourceTree = BUILT_PRODUCTS_DIR; };
		6B2869472BB1E3CA00CD4936 /* SwiftChallengesUITests.xctest */ = {isa = PBXFileReference; explicitFileType = wrapper.cfbundle; includeInIndex = 0; path = SwiftChallengesUITests.xctest; sourceTree = BUILT_PRODUCTS_DIR; };
		6B28694B2BB1E3CA00CD4936 /* SwiftChallengesUITests.swift */ = {isa = PBXFileReference; lastKnownFileType = sourcecode.swift; path = SwiftChallengesUITests.swift; sourceTree = "<group>"; };
		6B28694D2BB1E3CA00CD4936 /* SwiftChallengesUITestsLaunchTests.swift */ = {isa = PBXFileReference; lastKnownFileType = sourcecode.swift; path = SwiftChallengesUITestsLaunchTests.swift; sourceTree = "<group>"; };
		6B28695A2BB1E46100CD4936 /* StringsView.swift */ = {isa = PBXFileReference; lastKnownFileType = sourcecode.swift; path = StringsView.swift; sourceTree = "<group>"; };
		6B28695C2BB1E5A300CD4936 /* StringsViewTests.swift */ = {isa = PBXFileReference; lastKnownFileType = sourcecode.swift; path = StringsViewTests.swift; sourceTree = "<group>"; };
		6B77D0872C99FCE90050D17F /* LeetChallenges.swift */ = {isa = PBXFileReference; lastKnownFileType = sourcecode.swift; path = LeetChallenges.swift; sourceTree = "<group>"; };
		6BE627FE2C496DCE00D438D9 /* README.md */ = {isa = PBXFileReference; fileEncoding = 4; lastKnownFileType = net.daringfireball.markdown; path = README.md; sourceTree = "<group>"; };
/* End PBXFileReference section */

/* Begin PBXFrameworksBuildPhase section */
		6B28692A2BB1E3C800CD4936 /* Frameworks */ = {
			isa = PBXFrameworksBuildPhase;
			buildActionMask = 2147483647;
			files = (
			);
			runOnlyForDeploymentPostprocessing = 0;
		};
		6B28693A2BB1E3CA00CD4936 /* Frameworks */ = {
			isa = PBXFrameworksBuildPhase;
			buildActionMask = 2147483647;
			files = (
			);
			runOnlyForDeploymentPostprocessing = 0;
		};
		6B2869442BB1E3CA00CD4936 /* Frameworks */ = {
			isa = PBXFrameworksBuildPhase;
			buildActionMask = 2147483647;
			files = (
			);
			runOnlyForDeploymentPostprocessing = 0;
		};
/* End PBXFrameworksBuildPhase section */

/* Begin PBXGroup section */
		6B2869242BB1E3C800CD4936 = {
			isa = PBXGroup;
			children = (
				6BE627FE2C496DCE00D438D9 /* README.md */,
				6B28692F2BB1E3C800CD4936 /* SwiftChallenges */,
				6B2869402BB1E3CA00CD4936 /* SwiftChallengesTests */,
				6B28694A2BB1E3CA00CD4936 /* SwiftChallengesUITests */,
				6B28692E2BB1E3C800CD4936 /* Products */,
			);
			sourceTree = "<group>";
		};
		6B28692E2BB1E3C800CD4936 /* Products */ = {
			isa = PBXGroup;
			children = (
				6B28692D2BB1E3C800CD4936 /* SwiftChallenges.app */,
				6B28693D2BB1E3CA00CD4936 /* SwiftChallengesTests.xctest */,
				6B2869472BB1E3CA00CD4936 /* SwiftChallengesUITests.xctest */,
			);
			name = Products;
			sourceTree = "<group>";
		};
		6B28692F2BB1E3C800CD4936 /* SwiftChallenges */ = {
			isa = PBXGroup;
			children = (
				6B2869302BB1E3C800CD4936 /* SwiftChallengesApp.swift */,
				6B2869322BB1E3C800CD4936 /* ContentView.swift */,
				6B28695A2BB1E46100CD4936 /* StringsView.swift */,
				6B77D0872C99FCE90050D17F /* LeetChallenges.swift */,
				6B2869342BB1E3CA00CD4936 /* Assets.xcassets */,
				6B2869362BB1E3CA00CD4936 /* Preview Content */,
			);
			path = SwiftChallenges;
			sourceTree = "<group>";
		};
		6B2869362BB1E3CA00CD4936 /* Preview Content */ = {
			isa = PBXGroup;
			children = (
				6B2869372BB1E3CA00CD4936 /* Preview Assets.xcassets */,
			);
			path = "Preview Content";
			sourceTree = "<group>";
		};
		6B2869402BB1E3CA00CD4936 /* SwiftChallengesTests */ = {
			isa = PBXGroup;
			children = (
				6B28695C2BB1E5A300CD4936 /* StringsViewTests.swift */,
			);
			path = SwiftChallengesTests;
			sourceTree = "<group>";
		};
		6B28694A2BB1E3CA00CD4936 /* SwiftChallengesUITests */ = {
			isa = PBXGroup;
			children = (
				6B28694B2BB1E3CA00CD4936 /* SwiftChallengesUITests.swift */,
				6B28694D2BB1E3CA00CD4936 /* SwiftChallengesUITestsLaunchTests.swift */,
			);
			path = SwiftChallengesUITests;
			sourceTree = "<group>";
		};
/* End PBXGroup section */

/* Begin PBXNativeTarget section */
		6B28692C2BB1E3C800CD4936 /* SwiftChallenges */ = {
			isa = PBXNativeTarget;
			buildConfigurationList = 6B2869512BB1E3CA00CD4936 /* Build configuration list for PBXNativeTarget "SwiftChallenges" */;
			buildPhases = (
				6B2869292BB1E3C800CD4936 /* Sources */,
				6B28692A2BB1E3C800CD4936 /* Frameworks */,
				6B28692B2BB1E3C800CD4936 /* Resources */,
			);
			buildRules = (
			);
			dependencies = (
			);
			name = SwiftChallenges;
			productName = SwiftChallenges;
			productReference = 6B28692D2BB1E3C800CD4936 /* SwiftChallenges.app */;
			productType = "com.apple.product-type.application";
		};
		6B28693C2BB1E3CA00CD4936 /* SwiftChallengesTests */ = {
			isa = PBXNativeTarget;
			buildConfigurationList = 6B2869542BB1E3CA00CD4936 /* Build configuration list for PBXNativeTarget "SwiftChallengesTests" */;
			buildPhases = (
				6B2869392BB1E3CA00CD4936 /* Sources */,
				6B28693A2BB1E3CA00CD4936 /* Frameworks */,
				6B28693B2BB1E3CA00CD4936 /* Resources */,
			);
			buildRules = (
			);
			dependencies = (
				6B28693F2BB1E3CA00CD4936 /* PBXTargetDependency */,
			);
			name = SwiftChallengesTests;
			productName = SwiftChallengesTests;
			productReference = 6B28693D2BB1E3CA00CD4936 /* SwiftChallengesTests.xctest */;
			productType = "com.apple.product-type.bundle.unit-test";
		};
		6B2869462BB1E3CA00CD4936 /* SwiftChallengesUITests */ = {
			isa = PBXNativeTarget;
			buildConfigurationList = 6B2869572BB1E3CA00CD4936 /* Build configuration list for PBXNativeTarget "SwiftChallengesUITests" */;
			buildPhases = (
				6B2869432BB1E3CA00CD4936 /* Sources */,
				6B2869442BB1E3CA00CD4936 /* Frameworks */,
				6B2869452BB1E3CA00CD4936 /* Resources */,
			);
			buildRules = (
			);
			dependencies = (
				6B2869492BB1E3CA00CD4936 /* PBXTargetDependency */,
			);
			name = SwiftChallengesUITests;
			productName = SwiftChallengesUITests;
			productReference = 6B2869472BB1E3CA00CD4936 /* SwiftChallengesUITests.xctest */;
			productType = "com.apple.product-type.bundle.ui-testing";
		};
/* End PBXNativeTarget section */

/* Begin PBXProject section */
		6B2869252BB1E3C800CD4936 /* Project object */ = {
			isa = PBXProject;
			attributes = {
				BuildIndependentTargetsInParallel = 1;
				LastSwiftUpdateCheck = 1530;
				LastUpgradeCheck = 1530;
				TargetAttributes = {
					6B28692C2BB1E3C800CD4936 = {
						CreatedOnToolsVersion = 15.3;
					};
					6B28693C2BB1E3CA00CD4936 = {
						CreatedOnToolsVersion = 15.3;
						TestTargetID = 6B28692C2BB1E3C800CD4936;
					};
					6B2869462BB1E3CA00CD4936 = {
						CreatedOnToolsVersion = 15.3;
						TestTargetID = 6B28692C2BB1E3C800CD4936;
					};
				};
			};
			buildConfigurationList = 6B2869282BB1E3C800CD4936 /* Build configuration list for PBXProject "SwiftChallenges" */;
			compatibilityVersion = "Xcode 14.0";
			developmentRegion = en;
			hasScannedForEncodings = 0;
			knownRegions = (
				en,
				Base,
			);
			mainGroup = 6B2869242BB1E3C800CD4936;
			productRefGroup = 6B28692E2BB1E3C800CD4936 /* Products */;
			projectDirPath = "";
			projectRoot = "";
			targets = (
				6B28692C2BB1E3C800CD4936 /* SwiftChallenges */,
				6B28693C2BB1E3CA00CD4936 /* SwiftChallengesTests */,
				6B2869462BB1E3CA00CD4936 /* SwiftChallengesUITests */,
			);
		};
/* End PBXProject section */

/* Begin PBXResourcesBuildPhase section */
		6B28692B2BB1E3C800CD4936 /* Resources */ = {
			isa = PBXResourcesBuildPhase;
			buildActionMask = 2147483647;
			files = (
				6BE627FF2C496DCE00D438D9 /* README.md in Resources */,
				6B2869382BB1E3CA00CD4936 /* Preview Assets.xcassets in Resources */,
				6B2869352BB1E3CA00CD4936 /* Assets.xcassets in Resources */,
			);
			runOnlyForDeploymentPostprocessing = 0;
		};
		6B28693B2BB1E3CA00CD4936 /* Resources */ = {
			isa = PBXResourcesBuildPhase;
			buildActionMask = 2147483647;
			files = (
			);
			runOnlyForDeploymentPostprocessing = 0;
		};
		6B2869452BB1E3CA00CD4936 /* Resources */ = {
			isa = PBXResourcesBuildPhase;
			buildActionMask = 2147483647;
			files = (
			);
			runOnlyForDeploymentPostprocessing = 0;
		};
/* End PBXResourcesBuildPhase section */

/* Begin PBXSourcesBuildPhase section */
		6B2869292BB1E3C800CD4936 /* Sources */ = {
			isa = PBXSourcesBuildPhase;
			buildActionMask = 2147483647;
			files = (
				6B2869332BB1E3C800CD4936 /* ContentView.swift in Sources */,
				6B2869312BB1E3C800CD4936 /* SwiftChallengesApp.swift in Sources */,
				6B28695B2BB1E46100CD4936 /* StringsView.swift in Sources */,
				6B77D0882C99FCE90050D17F /* LeetChallenges.swift in Sources */,
			);
			runOnlyForDeploymentPostprocessing = 0;
		};
		6B2869392BB1E3CA00CD4936 /* Sources */ = {
			isa = PBXSourcesBuildPhase;
			buildActionMask = 2147483647;
			files = (
				6B28695D2BB1E5A300CD4936 /* StringsViewTests.swift in Sources */,
			);
			runOnlyForDeploymentPostprocessing = 0;
		};
		6B2869432BB1E3CA00CD4936 /* Sources */ = {
			isa = PBXSourcesBuildPhase;
			buildActionMask = 2147483647;
			files = (
				6B28694E2BB1E3CA00CD4936 /* SwiftChallengesUITestsLaunchTests.swift in Sources */,
				6B28694C2BB1E3CA00CD4936 /* SwiftChallengesUITests.swift in Sources */,
			);
			runOnlyForDeploymentPostprocessing = 0;
		};
/* End PBXSourcesBuildPhase section */

/* Begin PBXTargetDependency section */
		6B28693F2BB1E3CA00CD4936 /* PBXTargetDependency */ = {
			isa = PBXTargetDependency;
			target = 6B28692C2BB1E3C800CD4936 /* SwiftChallenges */;
			targetProxy = 6B28693E2BB1E3CA00CD4936 /* PBXContainerItemProxy */;
		};
		6B2869492BB1E3CA00CD4936 /* PBXTargetDependency */ = {
			isa = PBXTargetDependency;
			target = 6B28692C2BB1E3C800CD4936 /* SwiftChallenges */;
			targetProxy = 6B2869482BB1E3CA00CD4936 /* PBXContainerItemProxy */;
		};
/* End PBXTargetDependency section */

/* Begin XCBuildConfiguration section */
		6B28694F2BB1E3CA00CD4936 /* Debug */ = {
			isa = XCBuildConfiguration;
			buildSettings = {
				ALWAYS_SEARCH_USER_PATHS = NO;
				ASSETCATALOG_COMPILER_GENERATE_SWIFT_ASSET_SYMBOL_EXTENSIONS = YES;
				CLANG_ANALYZER_NONNULL = YES;
				CLANG_ANALYZER_NUMBER_OBJECT_CONVERSION = YES_AGGRESSIVE;
				CLANG_CXX_LANGUAGE_STANDARD = "gnu++20";
				CLANG_ENABLE_MODULES = YES;
				CLANG_ENABLE_OBJC_ARC = YES;
				CLANG_ENABLE_OBJC_WEAK = YES;
				CLANG_WARN_BLOCK_CAPTURE_AUTORELEASING = YES;
				CLANG_WARN_BOOL_CONVERSION = YES;
				CLANG_WARN_COMMA = YES;
				CLANG_WARN_CONSTANT_CONVERSION = YES;
				CLANG_WARN_DEPRECATED_OBJC_IMPLEMENTATIONS = YES;
				CLANG_WARN_DIRECT_OBJC_ISA_USAGE = YES_ERROR;
				CLANG_WARN_DOCUMENTATION_COMMENTS = YES;
				CLANG_WARN_EMPTY_BODY = YES;
				CLANG_WARN_ENUM_CONVERSION = YES;
				CLANG_WARN_INFINITE_RECURSION = YES;
				CLANG_WARN_INT_CONVERSION = YES;
				CLANG_WARN_NON_LITERAL_NULL_CONVERSION = YES;
				CLANG_WARN_OBJC_IMPLICIT_RETAIN_SELF = YES;
				CLANG_WARN_OBJC_LITERAL_CONVERSION = YES;
				CLANG_WARN_OBJC_ROOT_CLASS = YES_ERROR;
				CLANG_WARN_QUOTED_INCLUDE_IN_FRAMEWORK_HEADER = YES;
				CLANG_WARN_RANGE_LOOP_ANALYSIS = YES;
				CLANG_WARN_STRICT_PROTOTYPES = YES;
				CLANG_WARN_SUSPICIOUS_MOVE = YES;
				CLANG_WARN_UNGUARDED_AVAILABILITY = YES_AGGRESSIVE;
				CLANG_WARN_UNREACHABLE_CODE = YES;
				CLANG_WARN__DUPLICATE_METHOD_MATCH = YES;
				COPY_PHASE_STRIP = NO;
				DEBUG_INFORMATION_FORMAT = dwarf;
				ENABLE_STRICT_OBJC_MSGSEND = YES;
				ENABLE_TESTABILITY = YES;
				ENABLE_USER_SCRIPT_SANDBOXING = YES;
				GCC_C_LANGUAGE_STANDARD = gnu17;
				GCC_DYNAMIC_NO_PIC = NO;
				GCC_NO_COMMON_BLOCKS = YES;
				GCC_OPTIMIZATION_LEVEL = 0;
				GCC_PREPROCESSOR_DEFINITIONS = (
					"DEBUG=1",
					"$(inherited)",
				);
				GCC_WARN_64_TO_32_BIT_CONVERSION = YES;
				GCC_WARN_ABOUT_RETURN_TYPE = YES_ERROR;
				GCC_WARN_UNDECLARED_SELECTOR = YES;
				GCC_WARN_UNINITIALIZED_AUTOS = YES_AGGRESSIVE;
				GCC_WARN_UNUSED_FUNCTION = YES;
				GCC_WARN_UNUSED_VARIABLE = YES;
				IPHONEOS_DEPLOYMENT_TARGET = 17.4;
				LOCALIZATION_PREFERS_STRING_CATALOGS = YES;
				MTL_ENABLE_DEBUG_INFO = INCLUDE_SOURCE;
				MTL_FAST_MATH = YES;
				ONLY_ACTIVE_ARCH = YES;
				SDKROOT = iphoneos;
				SWIFT_ACTIVE_COMPILATION_CONDITIONS = "DEBUG $(inherited)";
				SWIFT_OPTIMIZATION_LEVEL = "-Onone";
			};
			name = Debug;
		};
		6B2869502BB1E3CA00CD4936 /* Release */ = {
			isa = XCBuildConfiguration;
			buildSettings = {
				ALWAYS_SEARCH_USER_PATHS = NO;
				ASSETCATALOG_COMPILER_GENERATE_SWIFT_ASSET_SYMBOL_EXTENSIONS = YES;
				CLANG_ANALYZER_NONNULL = YES;
				CLANG_ANALYZER_NUMBER_OBJECT_CONVERSION = YES_AGGRESSIVE;
				CLANG_CXX_LANGUAGE_STANDARD = "gnu++20";
				CLANG_ENABLE_MODULES = YES;
				CLANG_ENABLE_OBJC_ARC = YES;
				CLANG_ENABLE_OBJC_WEAK = YES;
				CLANG_WARN_BLOCK_CAPTURE_AUTORELEASING = YES;
				CLANG_WARN_BOOL_CONVERSION = YES;
				CLANG_WARN_COMMA = YES;
				CLANG_WARN_CONSTANT_CONVERSION = YES;
				CLANG_WARN_DEPRECATED_OBJC_IMPLEMENTATIONS = YES;
				CLANG_WARN_DIRECT_OBJC_ISA_USAGE = YES_ERROR;
				CLANG_WARN_DOCUMENTATION_COMMENTS = YES;
				CLANG_WARN_EMPTY_BODY = YES;
				CLANG_WARN_ENUM_CONVERSION = YES;
				CLANG_WARN_INFINITE_RECURSION = YES;
				CLANG_WARN_INT_CONVERSION = YES;
				CLANG_WARN_NON_LITERAL_NULL_CONVERSION = YES;
				CLANG_WARN_OBJC_IMPLICIT_RETAIN_SELF = YES;
				CLANG_WARN_OBJC_LITERAL_CONVERSION = YES;
				CLANG_WARN_OBJC_ROOT_CLASS = YES_ERROR;
				CLANG_WARN_QUOTED_INCLUDE_IN_FRAMEWORK_HEADER = YES;
				CLANG_WARN_RANGE_LOOP_ANALYSIS = YES;
				CLANG_WARN_STRICT_PROTOTYPES = YES;
				CLANG_WARN_SUSPICIOUS_MOVE = YES;
				CLANG_WARN_UNGUARDED_AVAILABILITY = YES_AGGRESSIVE;
				CLANG_WARN_UNREACHABLE_CODE = YES;
				CLANG_WARN__DUPLICATE_METHOD_MATCH = YES;
				COPY_PHASE_STRIP = NO;
				DEBUG_INFORMATION_FORMAT = "dwarf-with-dsym";
				ENABLE_NS_ASSERTIONS = NO;
				ENABLE_STRICT_OBJC_MSGSEND = YES;
				ENABLE_USER_SCRIPT_SANDBOXING = YES;
				GCC_C_LANGUAGE_STANDARD = gnu17;
				GCC_NO_COMMON_BLOCKS = YES;
				GCC_WARN_64_TO_32_BIT_CONVERSION = YES;
				GCC_WARN_ABOUT_RETURN_TYPE = YES_ERROR;
				GCC_WARN_UNDECLARED_SELECTOR = YES;
				GCC_WARN_UNINITIALIZED_AUTOS = YES_AGGRESSIVE;
				GCC_WARN_UNUSED_FUNCTION = YES;
				GCC_WARN_UNUSED_VARIABLE = YES;
				IPHONEOS_DEPLOYMENT_TARGET = 17.4;
				LOCALIZATION_PREFERS_STRING_CATALOGS = YES;
				MTL_ENABLE_DEBUG_INFO = NO;
				MTL_FAST_MATH = YES;
				SDKROOT = iphoneos;
				SWIFT_COMPILATION_MODE = wholemodule;
				VALIDATE_PRODUCT = YES;
			};
			name = Release;
		};
		6B2869522BB1E3CA00CD4936 /* Debug */ = {
			isa = XCBuildConfiguration;
			buildSettings = {
				ASSETCATALOG_COMPILER_APPICON_NAME = AppIcon;
				ASSETCATALOG_COMPILER_GLOBAL_ACCENT_COLOR_NAME = AccentColor;
				CODE_SIGN_STYLE = Automatic;
				CURRENT_PROJECT_VERSION = 1;
				DEVELOPMENT_ASSET_PATHS = "\"SwiftChallenges/Preview Content\"";
				DEVELOPMENT_TEAM = 3LU756Z7J5;
				ENABLE_PREVIEWS = YES;
				GENERATE_INFOPLIST_FILE = YES;
				INFOPLIST_KEY_CFBundleDisplayName = SwiftChallenges;
				INFOPLIST_KEY_UIApplicationSceneManifest_Generation = YES;
				INFOPLIST_KEY_UIApplicationSupportsIndirectInputEvents = YES;
				INFOPLIST_KEY_UILaunchScreen_Generation = YES;
				INFOPLIST_KEY_UISupportedInterfaceOrientations_iPad = "UIInterfaceOrientationPortrait UIInterfaceOrientationPortraitUpsideDown UIInterfaceOrientationLandscapeLeft UIInterfaceOrientationLandscapeRight";
				INFOPLIST_KEY_UISupportedInterfaceOrientations_iPhone = "UIInterfaceOrientationPortrait UIInterfaceOrientationLandscapeLeft UIInterfaceOrientationLandscapeRight";
				LD_RUNPATH_SEARCH_PATHS = (
					"$(inherited)",
					"@executable_path/Frameworks",
				);
				MARKETING_VERSION = 1.0;
				PRODUCT_BUNDLE_IDENTIFIER = com.maziarlayeghkar.SwiftChallenges;
				PRODUCT_NAME = "$(TARGET_NAME)";
				SWIFT_EMIT_LOC_STRINGS = YES;
				SWIFT_VERSION = 5.0;
				TARGETED_DEVICE_FAMILY = "1,2";
			};
			name = Debug;
		};
		6B2869532BB1E3CA00CD4936 /* Release */ = {
			isa = XCBuildConfiguration;
			buildSettings = {
				ASSETCATALOG_COMPILER_APPICON_NAME = AppIcon;
				ASSETCATALOG_COMPILER_GLOBAL_ACCENT_COLOR_NAME = AccentColor;
				CODE_SIGN_STYLE = Automatic;
				CURRENT_PROJECT_VERSION = 1;
				DEVELOPMENT_ASSET_PATHS = "\"SwiftChallenges/Preview Content\"";
				DEVELOPMENT_TEAM = 3LU756Z7J5;
				ENABLE_PREVIEWS = YES;
				GENERATE_INFOPLIST_FILE = YES;
				INFOPLIST_KEY_CFBundleDisplayName = SwiftChallenges;
				INFOPLIST_KEY_UIApplicationSceneManifest_Generation = YES;
				INFOPLIST_KEY_UIApplicationSupportsIndirectInputEvents = YES;
				INFOPLIST_KEY_UILaunchScreen_Generation = YES;
				INFOPLIST_KEY_UISupportedInterfaceOrientations_iPad = "UIInterfaceOrientationPortrait UIInterfaceOrientationPortraitUpsideDown UIInterfaceOrientationLandscapeLeft UIInterfaceOrientationLandscapeRight";
				INFOPLIST_KEY_UISupportedInterfaceOrientations_iPhone = "UIInterfaceOrientationPortrait UIInterfaceOrientationLandscapeLeft UIInterfaceOrientationLandscapeRight";
				LD_RUNPATH_SEARCH_PATHS = (
					"$(inherited)",
					"@executable_path/Frameworks",
				);
				MARKETING_VERSION = 1.0;
				PRODUCT_BUNDLE_IDENTIFIER = com.maziarlayeghkar.SwiftChallenges;
				PRODUCT_NAME = "$(TARGET_NAME)";
				SWIFT_EMIT_LOC_STRINGS = YES;
				SWIFT_VERSION = 5.0;
				TARGETED_DEVICE_FAMILY = "1,2";
			};
			name = Release;
		};
		6B2869552BB1E3CA00CD4936 /* Debug */ = {
			isa = XCBuildConfiguration;
			buildSettings = {
				ALWAYS_EMBED_SWIFT_STANDARD_LIBRARIES = YES;
				BUNDLE_LOADER = "$(TEST_HOST)";
				CODE_SIGN_STYLE = Automatic;
				CURRENT_PROJECT_VERSION = 1;
				DEVELOPMENT_TEAM = 3LU756Z7J5;
				GENERATE_INFOPLIST_FILE = YES;
				IPHONEOS_DEPLOYMENT_TARGET = 17.4;
				MARKETING_VERSION = 1.0;
				PRODUCT_BUNDLE_IDENTIFIER = com.maziarlayeghkar.SwiftChallengesTests;
				PRODUCT_NAME = "$(TARGET_NAME)";
				SWIFT_EMIT_LOC_STRINGS = NO;
				SWIFT_VERSION = 5.0;
				TARGETED_DEVICE_FAMILY = "1,2";
				TEST_HOST = "$(BUILT_PRODUCTS_DIR)/SwiftChallenges.app/$(BUNDLE_EXECUTABLE_FOLDER_PATH)/SwiftChallenges";
			};
			name = Debug;
		};
		6B2869562BB1E3CA00CD4936 /* Release */ = {
			isa = XCBuildConfiguration;
			buildSettings = {
				ALWAYS_EMBED_SWIFT_STANDARD_LIBRARIES = YES;
				BUNDLE_LOADER = "$(TEST_HOST)";
				CODE_SIGN_STYLE = Automatic;
				CURRENT_PROJECT_VERSION = 1;
				DEVELOPMENT_TEAM = 3LU756Z7J5;
				GENERATE_INFOPLIST_FILE = YES;
				IPHONEOS_DEPLOYMENT_TARGET = 17.4;
				MARKETING_VERSION = 1.0;
				PRODUCT_BUNDLE_IDENTIFIER = com.maziarlayeghkar.SwiftChallengesTests;
				PRODUCT_NAME = "$(TARGET_NAME)";
				SWIFT_EMIT_LOC_STRINGS = NO;
				SWIFT_VERSION = 5.0;
				TARGETED_DEVICE_FAMILY = "1,2";
				TEST_HOST = "$(BUILT_PRODUCTS_DIR)/SwiftChallenges.app/$(BUNDLE_EXECUTABLE_FOLDER_PATH)/SwiftChallenges";
			};
			name = Release;
		};
		6B2869582BB1E3CA00CD4936 /* Debug */ = {
			isa = XCBuildConfiguration;
			buildSettings = {
				ALWAYS_EMBED_SWIFT_STANDARD_LIBRARIES = YES;
				CODE_SIGN_STYLE = Automatic;
				CURRENT_PROJECT_VERSION = 1;
				DEVELOPMENT_TEAM = 3LU756Z7J5;
				GENERATE_INFOPLIST_FILE = YES;
				MARKETING_VERSION = 1.0;
				PRODUCT_BUNDLE_IDENTIFIER = com.maziarlayeghkar.SwiftChallengesUITests;
				PRODUCT_NAME = "$(TARGET_NAME)";
				SWIFT_EMIT_LOC_STRINGS = NO;
				SWIFT_VERSION = 5.0;
				TARGETED_DEVICE_FAMILY = "1,2";
				TEST_TARGET_NAME = SwiftChallenges;
			};
			name = Debug;
		};
		6B2869592BB1E3CA00CD4936 /* Release */ = {
			isa = XCBuildConfiguration;
			buildSettings = {
				ALWAYS_EMBED_SWIFT_STANDARD_LIBRARIES = YES;
				CODE_SIGN_STYLE = Automatic;
				CURRENT_PROJECT_VERSION = 1;
				DEVELOPMENT_TEAM = 3LU756Z7J5;
				GENERATE_INFOPLIST_FILE = YES;
				MARKETING_VERSION = 1.0;
				PRODUCT_BUNDLE_IDENTIFIER = com.maziarlayeghkar.SwiftChallengesUITests;
				PRODUCT_NAME = "$(TARGET_NAME)";
				SWIFT_EMIT_LOC_STRINGS = NO;
				SWIFT_VERSION = 5.0;
				TARGETED_DEVICE_FAMILY = "1,2";
				TEST_TARGET_NAME = SwiftChallenges;
			};
			name = Release;
		};
/* End XCBuildConfiguration section */

/* Begin XCConfigurationList section */
		6B2869282BB1E3C800CD4936 /* Build configuration list for PBXProject "SwiftChallenges" */ = {
			isa = XCConfigurationList;
			buildConfigurations = (
				6B28694F2BB1E3CA00CD4936 /* Debug */,
				6B2869502BB1E3CA00CD4936 /* Release */,
			);
			defaultConfigurationIsVisible = 0;
			defaultConfigurationName = Release;
		};
		6B2869512BB1E3CA00CD4936 /* Build configuration list for PBXNativeTarget "SwiftChallenges" */ = {
			isa = XCConfigurationList;
			buildConfigurations = (
				6B2869522BB1E3CA00CD4936 /* Debug */,
				6B2869532BB1E3CA00CD4936 /* Release */,
			);
			defaultConfigurationIsVisible = 0;
			defaultConfigurationName = Release;
		};
		6B2869542BB1E3CA00CD4936 /* Build configuration list for PBXNativeTarget "SwiftChallengesTests" */ = {
			isa = XCConfigurationList;
			buildConfigurations = (
				6B2869552BB1E3CA00CD4936 /* Debug */,
				6B2869562BB1E3CA00CD4936 /* Release */,
			);
			defaultConfigurationIsVisible = 0;
			defaultConfigurationName = Release;
		};
		6B2869572BB1E3CA00CD4936 /* Build configuration list for PBXNativeTarget "SwiftChallengesUITests" */ = {
			isa = XCConfigurationList;
			buildConfigurations = (
				6B2869582BB1E3CA00CD4936 /* Debug */,
				6B2869592BB1E3CA00CD4936 /* Release */,
			);
			defaultConfigurationIsVisible = 0;
			defaultConfigurationName = Release;
		};
/* End XCConfigurationList section */
	};
	rootObject = 6B2869252BB1E3C800CD4936 /* Project object */;
}
